
Microsoft Visual Studio Solution File, Format Version 12.00
# Visual Studio 15
VisualStudioVersion = 15.0.28010.2050
MinimumVisualStudioVersion = 10.0.40219.1
Project("{FAE04EC0-301F-11D3-BF4B-00C04F79EFBC}") = "TowerDefense", "TowerDefense\TowerDefense.csproj", "{24067848-F070-4FA1-A783-363E5208C909}"
EndProject
Project("{2150E333-8FDC-42A3-9474-1A3956D46DE8}") = "Solution Items", "Solution Items", "{61C50F81-D29E-4ACE-9423-7CBAE98B19C9}"
EndProject
Project("{FAE04EC0-301F-11D3-BF4B-00C04F79EFBC}") = "TowerDefenseTests", "TowerDefenseTests\TowerDefenseTests.csproj", "{7B0E12BC-6943-4ADF-B3DA-34ED253E2DF2}"
EndProject
Global
	GlobalSection(SolutionConfigurationPlatforms) = preSolution
		Debug|Any CPU = Debug|Any CPU
		Release|Any CPU = Release|Any CPU
	EndGlobalSection
	GlobalSection(ProjectConfigurationPlatforms) = postSolution
		{24067848-F070-4FA1-A783-363E5208C909}.Debug|Any CPU.ActiveCfg = Debug|Any CPU
		{24067848-F070-4FA1-A783-363E5208C909}.Debug|Any CPU.Build.0 = Debug|Any CPU
		{24067848-F070-4FA1-A783-363E5208C909}.Release|Any CPU.ActiveCfg = Release|Any CPU
		{24067848-F070-4FA1-A783-363E5208C909}.Release|Any CPU.Build.0 = Release|Any CPU
		{7B0E12BC-6943-4ADF-B3DA-34ED253E2DF2}.Debug|Any CPU.ActiveCfg = Debug|Any CPU
		{7B0E12BC-6943-4ADF-B3DA-34ED253E2DF2}.Debug|Any CPU.Build.0 = Debug|Any CPU
		{7B0E12BC-6943-4ADF-B3DA-34ED253E2DF2}.Release|Any CPU.ActiveCfg = Release|Any CPU
		{7B0E12BC-6943-4ADF-B3DA-34ED253E2DF2}.Release|Any CPU.Build.0 = Release|Any CPU
	EndGlobalSection
	GlobalSection(SolutionProperties) = preSolution
		HideSolutionNode = FALSE
	EndGlobalSection
	GlobalSection(ExtensibilityGlobals) = postSolution
		SolutionGuid = {4162726C-DBA2-481A-B894-5FB5597AA63F}
	EndGlobalSection
EndGlobal
